
Microsoft Visual Studio Solution File, Format Version 12.00
# Visual Studio Version 16
VisualStudioVersion = 16.0.30907.101
MinimumVisualStudioVersion = 10.0.40219.1
Project("{9A19103F-16F7-4668-BE54-9A1E7A4F7556}") = "DataAccess", "DataAccess\DataAccess.csproj", "{1BE26729-68D8-4BB4-8878-8A73F5109DF6}"
EndProject
Project("{9A19103F-16F7-4668-BE54-9A1E7A4F7556}") = "Business", "Business\Business.csproj", "{9940A5D2-1D8E-4AFC-88C6-E8C40C5E8B61}"
EndProject
Project("{9A19103F-16F7-4668-BE54-9A1E7A4F7556}") = "Entities", "Entities\Entities.csproj", "{E8161763-F658-44BB-8F84-8A4FAC27603F}"
EndProject
Project("{9A19103F-16F7-4668-BE54-9A1E7A4F7556}") = "ConsoleUI", "ConsoleUI\ConsoleUI.csproj", "{7C11C304-38D3-4F96-8E92-F308BEEE8094}"
EndProject
Project("{FAE04EC0-301F-11D3-BF4B-00C04F79EFBC}") = "Core", "Core\Core.csproj", "{396B4322-E0C0-4F4D-A57F-B222C3BF4102}"
EndProject
Global
	GlobalSection(SolutionConfigurationPlatforms) = preSolution
		Debug|Any CPU = Debug|Any CPU
		Release|Any CPU = Release|Any CPU
	EndGlobalSection
	GlobalSection(ProjectConfigurationPlatforms) = postSolution
		{1BE26729-68D8-4BB4-8878-8A73F5109DF6}.Debug|Any CPU.ActiveCfg = Debug|Any CPU
		{1BE26729-68D8-4BB4-8878-8A73F5109DF6}.Debug|Any CPU.Build.0 = Debug|Any CPU
		{1BE26729-68D8-4BB4-8878-8A73F5109DF6}.Release|Any CPU.ActiveCfg = Release|Any CPU
		{1BE26729-68D8-4BB4-8878-8A73F5109DF6}.Release|Any CPU.Build.0 = Release|Any CPU
		{9940A5D2-1D8E-4AFC-88C6-E8C40C5E8B61}.Debug|Any CPU.ActiveCfg = Debug|Any CPU
		{9940A5D2-1D8E-4AFC-88C6-E8C40C5E8B61}.Debug|Any CPU.Build.0 = Debug|Any CPU
		{9940A5D2-1D8E-4AFC-88C6-E8C40C5E8B61}.Release|Any CPU.ActiveCfg = Release|Any CPU
		{9940A5D2-1D8E-4AFC-88C6-E8C40C5E8B61}.Release|Any CPU.Build.0 = Release|Any CPU
		{E8161763-F658-44BB-8F84-8A4FAC27603F}.Debug|Any CPU.ActiveCfg = Debug|Any CPU
		{E8161763-F658-44BB-8F84-8A4FAC27603F}.Debug|Any CPU.Build.0 = Debug|Any CPU
		{E8161763-F658-44BB-8F84-8A4FAC27603F}.Release|Any CPU.ActiveCfg = Release|Any CPU
		{E8161763-F658-44BB-8F84-8A4FAC27603F}.Release|Any CPU.Build.0 = Release|Any CPU
		{7C11C304-38D3-4F96-8E92-F308BEEE8094}.Debug|Any CPU.ActiveCfg = Debug|Any CPU
		{7C11C304-38D3-4F96-8E92-F308BEEE8094}.Debug|Any CPU.Build.0 = Debug|Any CPU
		{7C11C304-38D3-4F96-8E92-F308BEEE8094}.Release|Any CPU.ActiveCfg = Release|Any CPU
		{7C11C304-38D3-4F96-8E92-F308BEEE8094}.Release|Any CPU.Build.0 = Release|Any CPU
		{396B4322-E0C0-4F4D-A57F-B222C3BF4102}.Debug|Any CPU.ActiveCfg = Debug|Any CPU
		{396B4322-E0C0-4F4D-A57F-B222C3BF4102}.Debug|Any CPU.Build.0 = Debug|Any CPU
		{396B4322-E0C0-4F4D-A57F-B222C3BF4102}.Release|Any CPU.ActiveCfg = Release|Any CPU
		{396B4322-E0C0-4F4D-A57F-B222C3BF4102}.Release|Any CPU.Build.0 = Release|Any CPU
	EndGlobalSection
	GlobalSection(SolutionProperties) = preSolution
		HideSolutionNode = FALSE
	EndGlobalSection
	GlobalSection(ExtensibilityGlobals) = postSolution
		SolutionGuid = {682F3C18-D5B0-46C0-9199-E4A3AB5DDBBB}
	EndGlobalSection
EndGlobal
